// !$*UTF8*$!
{
	archiveVersion = 1;
	classes = {
	};
	objectVersion = 77;
	objects = {

/* Begin PBXContainerItemProxy section */
		9287E6212E4D62440030D15C /* PBXContainerItemProxy */ = {
			isa = PBXContainerItemProxy;
			containerPortal = 9287E60B2E4D62420030D15C /* Project object */;
			proxyType = 1;
			remoteGlobalIDString = 9287E6122E4D62420030D15C;
			remoteInfo = 3DCardSwiftUIAnimation;
		};
		9287E62B2E4D62440030D15C /* PBXContainerItemProxy */ = {
			isa = PBXContainerItemProxy;
			containerPortal = 9287E60B2E4D62420030D15C /* Project object */;
			proxyType = 1;
			remoteGlobalIDString = 9287E6122E4D62420030D15C;
			remoteInfo = 3DCardSwiftUIAnimation;
		};
/* End PBXContainerItemProxy section */

/* Begin PBXFileReference section */
		9287E6132E4D62420030D15C /* 3DCardSwiftUIAnimation.app */ = {isa = PBXFileReference; explicitFileType = wrapper.application; includeInIndex = 0; path = 3DCardSwiftUIAnimation.app; sourceTree = BUILT_PRODUCTS_DIR; };
		9287E6202E4D62440030D15C /* 3DCardSwiftUIAnimationTests.xctest */ = {isa = PBXFileReference; explicitFileType = wrapper.cfbundle; includeInIndex = 0; path = 3DCardSwiftUIAnimationTests.xctest; sourceTree = BUILT_PRODUCTS_DIR; };
		9287E62A2E4D62440030D15C /* 3DCardSwiftUIAnimationUITests.xctest */ = {isa = PBXFileReference; explicitFileType = wrapper.cfbundle; includeInIndex = 0; path = 3DCardSwiftUIAnimationUITests.xctest; sourceTree = BUILT_PRODUCTS_DIR; };
/* End PBXFileReference section */

/* Begin PBXFileSystemSynchronizedRootGroup section */
		9287E6152E4D62420030D15C /* 3DCardSwiftUIAnimation */ = {
			isa = PBXFileSystemSynchronizedRootGroup;
			path = 3DCardSwiftUIAnimation;
			sourceTree = "<group>";
		};
		9287E6232E4D62440030D15C /* 3DCardSwiftUIAnimationTests */ = {
			isa = PBXFileSystemSynchronizedRootGroup;
			path = 3DCardSwiftUIAnimationTests;
			sourceTree = "<group>";
		};
		9287E62D2E4D62440030D15C /* 3DCardSwiftUIAnimationUITests */ = {
			isa = PBXFileSystemSynchronizedRootGroup;
			path = 3DCardSwiftUIAnimationUITests;
			sourceTree = "<group>";
		};
/* End PBXFileSystemSynchronizedRootGroup section */

/* Begin PBXFrameworksBuildPhase section */
		9287E6102E4D62420030D15C /* Frameworks */ = {
			isa = PBXFrameworksBuildPhase;
			buildActionMask = 2147483647;
			files = (
			);
			runOnlyForDeploymentPostprocessing = 0;
		};
		9287E61D2E4D62440030D15C /* Frameworks */ = {
			isa = PBXFrameworksBuildPhase;
			buildActionMask = 2147483647;
			files = (
			);
			runOnlyForDeploymentPostprocessing = 0;
		};
		9287E6272E4D62440030D15C /* Frameworks */ = {
			isa = PBXFrameworksBuildPhase;
			buildActionMask = 2147483647;
			files = (
			);
			runOnlyForDeploymentPostprocessing = 0;
		};
/* End PBXFrameworksBuildPhase section */

/* Begin PBXGroup section */
		9287E60A2E4D62420030D15C = {
			isa = PBXGroup;
			children = (
				9287E6152E4D62420030D15C /* 3DCardSwiftUIAnimation */,
				9287E6232E4D62440030D15C /* 3DCardSwiftUIAnimationTests */,
				9287E62D2E4D62440030D15C /* 3DCardSwiftUIAnimationUITests */,
				9287E6142E4D62420030D15C /* Products */,
			);
			sourceTree = "<group>";
		};
		9287E6142E4D62420030D15C /* Products */ = {
			isa = PBXGroup;
			children = (
				9287E6132E4D62420030D15C /* 3DCardSwiftUIAnimation.app */,
				9287E6202E4D62440030D15C /* 3DCardSwiftUIAnimationTests.xctest */,
				9287E62A2E4D62440030D15C /* 3DCardSwiftUIAnimationUITests.xctest */,
			);
			name = Products;
			sourceTree = "<group>";
		};
/* End PBXGroup section */

/* Begin PBXNativeTarget section */
		9287E6122E4D62420030D15C /* 3DCardSwiftUIAnimation */ = {
			isa = PBXNativeTarget;
			buildConfigurationList = 9287E6342E4D62440030D15C /* Build configuration list for PBXNativeTarget "3DCardSwiftUIAnimation" */;
			buildPhases = (
				9287E60F2E4D62420030D15C /* Sources */,
				9287E6102E4D62420030D15C /* Frameworks */,
				9287E6112E4D62420030D15C /* Resources */,
			);
			buildRules = (
			);
			dependencies = (
			);
			fileSystemSynchronizedGroups = (
				9287E6152E4D62420030D15C /* 3DCardSwiftUIAnimation */,
			);
			name = 3DCardSwiftUIAnimation;
			packageProductDependencies = (
			);
			productName = 3DCardSwiftUIAnimation;
			productReference = 9287E6132E4D62420030D15C /* 3DCardSwiftUIAnimation.app */;
			productType = "com.apple.product-type.application";
		};
		9287E61F2E4D62440030D15C /* 3DCardSwiftUIAnimationTests */ = {
			isa = PBXNativeTarget;
			buildConfigurationList = 9287E6372E4D62440030D15C /* Build configuration list for PBXNativeTarget "3DCardSwiftUIAnimationTests" */;
			buildPhases = (
				9287E61C2E4D62440030D15C /* Sources */,
				9287E61D2E4D62440030D15C /* Frameworks */,
				9287E61E2E4D62440030D15C /* Resources */,
			);
			buildRules = (
			);
			dependencies = (
				9287E6222E4D62440030D15C /* PBXTargetDependency */,
			);
			fileSystemSynchronizedGroups = (
				9287E6232E4D62440030D15C /* 3DCardSwiftUIAnimationTests */,
			);
			name = 3DCardSwiftUIAnimationTests;
			packageProductDependencies = (
			);
			productName = 3DCardSwiftUIAnimationTests;
			productReference = 9287E6202E4D62440030D15C /* 3DCardSwiftUIAnimationTests.xctest */;
			productType = "com.apple.product-type.bundle.unit-test";
		};
		9287E6292E4D62440030D15C /* 3DCardSwiftUIAnimationUITests */ = {
			isa = PBXNativeTarget;
			buildConfigurationList = 9287E63A2E4D62440030D15C /* Build configuration list for PBXNativeTarget "3DCardSwiftUIAnimationUITests" */;
			buildPhases = (
				9287E6262E4D62440030D15C /* Sources */,
				9287E6272E4D62440030D15C /* Frameworks */,
				9287E6282E4D62440030D15C /* Resources */,
			);
			buildRules = (
			);
			dependencies = (
				9287E62C2E4D62440030D15C /* PBXTargetDependency */,
			);
			fileSystemSynchronizedGroups = (
				9287E62D2E4D62440030D15C /* 3DCardSwiftUIAnimationUITests */,
			);
			name = 3DCardSwiftUIAnimationUITests;
			packageProductDependencies = (
			);
			productName = 3DCardSwiftUIAnimationUITests;
			productReference = 9287E62A2E4D62440030D15C /* 3DCardSwiftUIAnimationUITests.xctest */;
			productType = "com.apple.product-type.bundle.ui-testing";
		};
/* End PBXNativeTarget section */

/* Begin PBXProject section */
		9287E60B2E4D62420030D15C /* Project object */ = {
			isa = PBXProject;
			attributes = {
				BuildIndependentTargetsInParallel = 1;
				LastSwiftUpdateCheck = 2600;
				LastUpgradeCheck = 2600;
				TargetAttributes = {
					9287E6122E4D62420030D15C = {
						CreatedOnToolsVersion = 26.0;
					};
					9287E61F2E4D62440030D15C = {
						CreatedOnToolsVersion = 26.0;
						TestTargetID = 9287E6122E4D62420030D15C;
					};
					9287E6292E4D62440030D15C = {
						CreatedOnToolsVersion = 26.0;
						TestTargetID = 9287E6122E4D62420030D15C;
					};
				};
			};
			buildConfigurationList = 9287E60E2E4D62420030D15C /* Build configuration list for PBXProject "3DCardSwiftUIAnimation" */;
			developmentRegion = en;
			hasScannedForEncodings = 0;
			knownRegions = (
				en,
				Base,
			);
			mainGroup = 9287E60A2E4D62420030D15C;
			minimizedProjectReferenceProxies = 1;
			preferredProjectObjectVersion = 77;
			productRefGroup = 9287E6142E4D62420030D15C /* Products */;
			projectDirPath = "";
			projectRoot = "";
			targets = (
				9287E6122E4D62420030D15C /* 3DCardSwiftUIAnimation */,
				9287E61F2E4D62440030D15C /* 3DCardSwiftUIAnimationTests */,
				9287E6292E4D62440030D15C /* 3DCardSwiftUIAnimationUITests */,
			);
		};
/* End PBXProject section */

/* Begin PBXResourcesBuildPhase section */
		9287E6112E4D62420030D15C /* Resources */ = {
			isa = PBXResourcesBuildPhase;
			buildActionMask = 2147483647;
			files = (
			);
			runOnlyForDeploymentPostprocessing = 0;
		};
		9287E61E2E4D62440030D15C /* Resources */ = {
			isa = PBXResourcesBuildPhase;
			buildActionMask = 2147483647;
			files = (
			);
			runOnlyForDeploymentPostprocessing = 0;
		};
		9287E6282E4D62440030D15C /* Resources */ = {
			isa = PBXResourcesBuildPhase;
			buildActionMask = 2147483647;
			files = (
			);
			runOnlyForDeploymentPostprocessing = 0;
		};
/* End PBXResourcesBuildPhase section */

/* Begin PBXSourcesBuildPhase section */
		9287E60F2E4D62420030D15C /* Sources */ = {
			isa = PBXSourcesBuildPhase;
			buildActionMask = 2147483647;
			files = (
			);
			runOnlyForDeploymentPostprocessing = 0;
		};
		9287E61C2E4D62440030D15C /* Sources */ = {
			isa = PBXSourcesBuildPhase;
			buildActionMask = 2147483647;
			files = (
			);
			runOnlyForDeploymentPostprocessing = 0;
		};
		9287E6262E4D62440030D15C /* Sources */ = {
			isa = PBXSourcesBuildPhase;
			buildActionMask = 2147483647;
			files = (
			);
			runOnlyForDeploymentPostprocessing = 0;
		};
/* End PBXSourcesBuildPhase section */

/* Begin PBXTargetDependency section */
		9287E6222E4D62440030D15C /* PBXTargetDependency */ = {
			isa = PBXTargetDependency;
			target = 9287E6122E4D62420030D15C /* 3DCardSwiftUIAnimation */;
			targetProxy = 9287E6212E4D62440030D15C /* PBXContainerItemProxy */;
		};
		9287E62C2E4D62440030D15C /* PBXTargetDependency */ = {
			isa = PBXTargetDependency;
			target = 9287E6122E4D62420030D15C /* 3DCardSwiftUIAnimation */;
			targetProxy = 9287E62B2E4D62440030D15C /* PBXContainerItemProxy */;
		};
/* End PBXTargetDependency section */

/* Begin XCBuildConfiguration section */
		9287E6322E4D62440030D15C /* Debug */ = {
			isa = XCBuildConfiguration;
			buildSettings = {
				ALWAYS_SEARCH_USER_PATHS = NO;
				ASSETCATALOG_COMPILER_GENERATE_SWIFT_ASSET_SYMBOL_EXTENSIONS = YES;
				CLANG_ANALYZER_NONNULL = YES;
				CLANG_ANALYZER_NUMBER_OBJECT_CONVERSION = YES_AGGRESSIVE;
				CLANG_CXX_LANGUAGE_STANDARD = "gnu++20";
				CLANG_ENABLE_MODULES = YES;
				CLANG_ENABLE_OBJC_ARC = YES;
				CLANG_ENABLE_OBJC_WEAK = YES;
				CLANG_WARN_BLOCK_CAPTURE_AUTORELEASING = YES;
				CLANG_WARN_BOOL_CONVERSION = YES;
				CLANG_WARN_COMMA = YES;
				CLANG_WARN_CONSTANT_CONVERSION = YES;
				CLANG_WARN_DEPRECATED_OBJC_IMPLEMENTATIONS = YES;
				CLANG_WARN_DIRECT_OBJC_ISA_USAGE = YES_ERROR;
				CLANG_WARN_DOCUMENTATION_COMMENTS = YES;
				CLANG_WARN_EMPTY_BODY = YES;
				CLANG_WARN_ENUM_CONVERSION = YES;
				CLANG_WARN_INFINITE_RECURSION = YES;
				CLANG_WARN_INT_CONVERSION = YES;
				CLANG_WARN_NON_LITERAL_NULL_CONVERSION = YES;
				CLANG_WARN_OBJC_IMPLICIT_RETAIN_SELF = YES;
				CLANG_WARN_OBJC_LITERAL_CONVERSION = YES;
				CLANG_WARN_OBJC_ROOT_CLASS = YES_ERROR;
				CLANG_WARN_QUOTED_INCLUDE_IN_FRAMEWORK_HEADER = YES;
				CLANG_WARN_RANGE_LOOP_ANALYSIS = YES;
				CLANG_WARN_STRICT_PROTOTYPES = YES;
				CLANG_WARN_SUSPICIOUS_MOVE = YES;
				CLANG_WARN_UNGUARDED_AVAILABILITY = YES_AGGRESSIVE;
				CLANG_WARN_UNREACHABLE_CODE = YES;
				CLANG_WARN__DUPLICATE_METHOD_MATCH = YES;
				COPY_PHASE_STRIP = NO;
				DEBUG_INFORMATION_FORMAT = dwarf;
				ENABLE_STRICT_OBJC_MSGSEND = YES;
				ENABLE_TESTABILITY = YES;
				ENABLE_USER_SCRIPT_SANDBOXING = YES;
				GCC_C_LANGUAGE_STANDARD = gnu17;
				GCC_DYNAMIC_NO_PIC = NO;
				GCC_NO_COMMON_BLOCKS = YES;
				GCC_OPTIMIZATION_LEVEL = 0;
				GCC_PREPROCESSOR_DEFINITIONS = (
					"DEBUG=1",
					"$(inherited)",
				);
				GCC_WARN_64_TO_32_BIT_CONVERSION = YES;
				GCC_WARN_ABOUT_RETURN_TYPE = YES_ERROR;
				GCC_WARN_UNDECLARED_SELECTOR = YES;
				GCC_WARN_UNINITIALIZED_AUTOS = YES_AGGRESSIVE;
				GCC_WARN_UNUSED_FUNCTION = YES;
				GCC_WARN_UNUSED_VARIABLE = YES;
				IPHONEOS_DEPLOYMENT_TARGET = 26.0;
				LOCALIZATION_PREFERS_STRING_CATALOGS = YES;
				MTL_ENABLE_DEBUG_INFO = INCLUDE_SOURCE;
				MTL_FAST_MATH = YES;
				ONLY_ACTIVE_ARCH = YES;
				SDKROOT = iphoneos;
				SWIFT_ACTIVE_COMPILATION_CONDITIONS = "DEBUG $(inherited)";
				SWIFT_OPTIMIZATION_LEVEL = "-Onone";
			};
			name = Debug;
		};
		9287E6332E4D62440030D15C /* Release */ = {
			isa = XCBuildConfiguration;
			buildSettings = {
				ALWAYS_SEARCH_USER_PATHS = NO;
				ASSETCATALOG_COMPILER_GENERATE_SWIFT_ASSET_SYMBOL_EXTENSIONS = YES;
				CLANG_ANALYZER_NONNULL = YES;
				CLANG_ANALYZER_NUMBER_OBJECT_CONVERSION = YES_AGGRESSIVE;
				CLANG_CXX_LANGUAGE_STANDARD = "gnu++20";
				CLANG_ENABLE_MODULES = YES;
				CLANG_ENABLE_OBJC_ARC = YES;
				CLANG_ENABLE_OBJC_WEAK = YES;
				CLANG_WARN_BLOCK_CAPTURE_AUTORELEASING = YES;
				CLANG_WARN_BOOL_CONVERSION = YES;
				CLANG_WARN_COMMA = YES;
				CLANG_WARN_CONSTANT_CONVERSION = YES;
				CLANG_WARN_DEPRECATED_OBJC_IMPLEMENTATIONS = YES;
				CLANG_WARN_DIRECT_OBJC_ISA_USAGE = YES_ERROR;
				CLANG_WARN_DOCUMENTATION_COMMENTS = YES;
				CLANG_WARN_EMPTY_BODY = YES;
				CLANG_WARN_ENUM_CONVERSION = YES;
				CLANG_WARN_INFINITE_RECURSION = YES;
				CLANG_WARN_INT_CONVERSION = YES;
				CLANG_WARN_NON_LITERAL_NULL_CONVERSION = YES;
				CLANG_WARN_OBJC_IMPLICIT_RETAIN_SELF = YES;
				CLANG_WARN_OBJC_LITERAL_CONVERSION = YES;
				CLANG_WARN_OBJC_ROOT_CLASS = YES_ERROR;
				CLANG_WARN_QUOTED_INCLUDE_IN_FRAMEWORK_HEADER = YES;
				CLANG_WARN_RANGE_LOOP_ANALYSIS = YES;
				CLANG_WARN_STRICT_PROTOTYPES = YES;
				CLANG_WARN_SUSPICIOUS_MOVE = YES;
				CLANG_WARN_UNGUARDED_AVAILABILITY = YES_AGGRESSIVE;
				CLANG_WARN_UNREACHABLE_CODE = YES;
				CLANG_WARN__DUPLICATE_METHOD_MATCH = YES;
				COPY_PHASE_STRIP = NO;
				DEBUG_INFORMATION_FORMAT = "dwarf-with-dsym";
				ENABLE_NS_ASSERTIONS = NO;
				ENABLE_STRICT_OBJC_MSGSEND = YES;
				ENABLE_USER_SCRIPT_SANDBOXING = YES;
				GCC_C_LANGUAGE_STANDARD = gnu17;
				GCC_NO_COMMON_BLOCKS = YES;
				GCC_WARN_64_TO_32_BIT_CONVERSION = YES;
				GCC_WARN_ABOUT_RETURN_TYPE = YES_ERROR;
				GCC_WARN_UNDECLARED_SELECTOR = YES;
				GCC_WARN_UNINITIALIZED_AUTOS = YES_AGGRESSIVE;
				GCC_WARN_UNUSED_FUNCTION = YES;
				GCC_WARN_UNUSED_VARIABLE = YES;
				IPHONEOS_DEPLOYMENT_TARGET = 26.0;
				LOCALIZATION_PREFERS_STRING_CATALOGS = YES;
				MTL_ENABLE_DEBUG_INFO = NO;
				MTL_FAST_MATH = YES;
				SDKROOT = iphoneos;
				SWIFT_COMPILATION_MODE = wholemodule;
				VALIDATE_PRODUCT = YES;
			};
			name = Release;
		};
		9287E6352E4D62440030D15C /* Debug */ = {
			isa = XCBuildConfiguration;
			buildSettings = {
				ASSETCATALOG_COMPILER_APPICON_NAME = AppIcon;
				ASSETCATALOG_COMPILER_GLOBAL_ACCENT_COLOR_NAME = AccentColor;
				CODE_SIGN_STYLE = Automatic;
				CURRENT_PROJECT_VERSION = 1;
				ENABLE_PREVIEWS = YES;
				GENERATE_INFOPLIST_FILE = YES;
				INFOPLIST_KEY_UIApplicationSceneManifest_Generation = YES;
				INFOPLIST_KEY_UIApplicationSupportsIndirectInputEvents = YES;
				INFOPLIST_KEY_UILaunchScreen_Generation = YES;
				INFOPLIST_KEY_UISupportedInterfaceOrientations_iPad = "UIInterfaceOrientationPortrait UIInterfaceOrientationPortraitUpsideDown UIInterfaceOrientationLandscapeLeft UIInterfaceOrientationLandscapeRight";
				INFOPLIST_KEY_UISupportedInterfaceOrientations_iPhone = "UIInterfaceOrientationPortrait UIInterfaceOrientationLandscapeLeft UIInterfaceOrientationLandscapeRight";
				LD_RUNPATH_SEARCH_PATHS = (
					"$(inherited)",
					"@executable_path/Frameworks",
				);
				MARKETING_VERSION = 1.0;
				PRODUCT_BUNDLE_IDENTIFIER = "Tahir.-DCardSwiftUIAnimation";
				PRODUCT_NAME = "$(TARGET_NAME)";
				STRING_CATALOG_GENERATE_SYMBOLS = YES;
				SWIFT_APPROACHABLE_CONCURRENCY = YES;
				SWIFT_DEFAULT_ACTOR_ISOLATION = MainActor;
				SWIFT_EMIT_LOC_STRINGS = YES;
				SWIFT_UPCOMING_FEATURE_MEMBER_IMPORT_VISIBILITY = YES;
				SWIFT_VERSION = 5.0;
				TARGETED_DEVICE_FAMILY = "1,2";
			};
			name = Debug;
		};
		9287E6362E4D62440030D15C /* Release */ = {
			isa = XCBuildConfiguration;
			buildSettings = {
				ASSETCATALOG_COMPILER_APPICON_NAME = AppIcon;
				ASSETCATALOG_COMPILER_GLOBAL_ACCENT_COLOR_NAME = AccentColor;
				CODE_SIGN_STYLE = Automatic;
				CURRENT_PROJECT_VERSION = 1;
				ENABLE_PREVIEWS = YES;
				GENERATE_INFOPLIST_FILE = YES;
				INFOPLIST_KEY_UIApplicationSceneManifest_Generation = YES;
				INFOPLIST_KEY_UIApplicationSupportsIndirectInputEvents = YES;
				INFOPLIST_KEY_UILaunchScreen_Generation = YES;
				INFOPLIST_KEY_UISupportedInterfaceOrientations_iPad = "UIInterfaceOrientationPortrait UIInterfaceOrientationPortraitUpsideDown UIInterfaceOrientationLandscapeLeft UIInterfaceOrientationLandscapeRight";
				INFOPLIST_KEY_UISupportedInterfaceOrientations_iPhone = "UIInterfaceOrientationPortrait UIInterfaceOrientationLandscapeLeft UIInterfaceOrientationLandscapeRight";
				LD_RUNPATH_SEARCH_PATHS = (
					"$(inherited)",
					"@executable_path/Frameworks",
				);
				MARKETING_VERSION = 1.0;
				PRODUCT_BUNDLE_IDENTIFIER = "Tahir.-DCardSwiftUIAnimation";
				PRODUCT_NAME = "$(TARGET_NAME)";
				STRING_CATALOG_GENERATE_SYMBOLS = YES;
				SWIFT_APPROACHABLE_CONCURRENCY = YES;
				SWIFT_DEFAULT_ACTOR_ISOLATION = MainActor;
				SWIFT_EMIT_LOC_STRINGS = YES;
				SWIFT_UPCOMING_FEATURE_MEMBER_IMPORT_VISIBILITY = YES;
				SWIFT_VERSION = 5.0;
				TARGETED_DEVICE_FAMILY = "1,2";
			};
			name = Release;
		};
		9287E6382E4D62440030D15C /* Debug */ = {
			isa = XCBuildConfiguration;
			buildSettings = {
				BUNDLE_LOADER = "$(TEST_HOST)";
				CODE_SIGN_STYLE = Automatic;
				CURRENT_PROJECT_VERSION = 1;
				GENERATE_INFOPLIST_FILE = YES;
				IPHONEOS_DEPLOYMENT_TARGET = 26.0;
				MARKETING_VERSION = 1.0;
				PRODUCT_BUNDLE_IDENTIFIER = "Tahir.-DCardSwiftUIAnimationTests";
				PRODUCT_NAME = "$(TARGET_NAME)";
				STRING_CATALOG_GENERATE_SYMBOLS = NO;
				SWIFT_APPROACHABLE_CONCURRENCY = YES;
				SWIFT_EMIT_LOC_STRINGS = NO;
				SWIFT_UPCOMING_FEATURE_MEMBER_IMPORT_VISIBILITY = YES;
				SWIFT_VERSION = 5.0;
				TARGETED_DEVICE_FAMILY = "1,2";
				TEST_HOST = "$(BUILT_PRODUCTS_DIR)/3DCardSwiftUIAnimation.app/$(BUNDLE_EXECUTABLE_FOLDER_PATH)/3DCardSwiftUIAnimation";
			};
			name = Debug;
		};
		9287E6392E4D62440030D15C /* Release */ = {
			isa = XCBuildConfiguration;
			buildSettings = {
				BUNDLE_LOADER = "$(TEST_HOST)";
				CODE_SIGN_STYLE = Automatic;
				CURRENT_PROJECT_VERSION = 1;
				GENERATE_INFOPLIST_FILE = YES;
				IPHONEOS_DEPLOYMENT_TARGET = 26.0;
				MARKETING_VERSION = 1.0;
				PRODUCT_BUNDLE_IDENTIFIER = "Tahir.-DCardSwiftUIAnimationTests";
				PRODUCT_NAME = "$(TARGET_NAME)";
				STRING_CATALOG_GENERATE_SYMBOLS = NO;
				SWIFT_APPROACHABLE_CONCURRENCY = YES;
				SWIFT_EMIT_LOC_STRINGS = NO;
				SWIFT_UPCOMING_FEATURE_MEMBER_IMPORT_VISIBILITY = YES;
				SWIFT_VERSION = 5.0;
				TARGETED_DEVICE_FAMILY = "1,2";
				TEST_HOST = "$(BUILT_PRODUCTS_DIR)/3DCardSwiftUIAnimation.app/$(BUNDLE_EXECUTABLE_FOLDER_PATH)/3DCardSwiftUIAnimation";
			};
			name = Release;
		};
		9287E63B2E4D62440030D15C /* Debug */ = {
			isa = XCBuildConfiguration;
			buildSettings = {
				CODE_SIGN_STYLE = Automatic;
				CURRENT_PROJECT_VERSION = 1;
				GENERATE_INFOPLIST_FILE = YES;
				MARKETING_VERSION = 1.0;
				PRODUCT_BUNDLE_IDENTIFIER = "Tahir.-DCardSwiftUIAnimationUITests";
				PRODUCT_NAME = "$(TARGET_NAME)";
				STRING_CATALOG_GENERATE_SYMBOLS = NO;
				SWIFT_APPROACHABLE_CONCURRENCY = YES;
				SWIFT_EMIT_LOC_STRINGS = NO;
				SWIFT_UPCOMING_FEATURE_MEMBER_IMPORT_VISIBILITY = YES;
				SWIFT_VERSION = 5.0;
				TARGETED_DEVICE_FAMILY = "1,2";
				TEST_TARGET_NAME = 3DCardSwiftUIAnimation;
			};
			name = Debug;
		};
		9287E63C2E4D62440030D15C /* Release */ = {
			isa = XCBuildConfiguration;
			buildSettings = {
				CODE_SIGN_STYLE = Automatic;
				CURRENT_PROJECT_VERSION = 1;
				GENERATE_INFOPLIST_FILE = YES;
				MARKETING_VERSION = 1.0;
				PRODUCT_BUNDLE_IDENTIFIER = "Tahir.-DCardSwiftUIAnimationUITests";
				PRODUCT_NAME = "$(TARGET_NAME)";
				STRING_CATALOG_GENERATE_SYMBOLS = NO;
				SWIFT_APPROACHABLE_CONCURRENCY = YES;
				SWIFT_EMIT_LOC_STRINGS = NO;
				SWIFT_UPCOMING_FEATURE_MEMBER_IMPORT_VISIBILITY = YES;
				SWIFT_VERSION = 5.0;
				TARGETED_DEVICE_FAMILY = "1,2";
				TEST_TARGET_NAME = 3DCardSwiftUIAnimation;
			};
			name = Release;
		};
/* End XCBuildConfiguration section */

/* Begin XCConfigurationList section */
		9287E60E2E4D62420030D15C /* Build configuration list for PBXProject "3DCardSwiftUIAnimation" */ = {
			isa = XCConfigurationList;
			buildConfigurations = (
				9287E6322E4D62440030D15C /* Debug */,
				9287E6332E4D62440030D15C /* Release */,
			);
			defaultConfigurationIsVisible = 0;
			defaultConfigurationName = Release;
		};
		9287E6342E4D62440030D15C /* Build configuration list for PBXNativeTarget "3DCardSwiftUIAnimation" */ = {
			isa = XCConfigurationList;
			buildConfigurations = (
				9287E6352E4D62440030D15C /* Debug */,
				9287E6362E4D62440030D15C /* Release */,
			);
			defaultConfigurationIsVisible = 0;
			defaultConfigurationName = Release;
		};
		9287E6372E4D62440030D15C /* Build configuration list for PBXNativeTarget "3DCardSwiftUIAnimationTests" */ = {
			isa = XCConfigurationList;
			buildConfigurations = (
				9287E6382E4D62440030D15C /* Debug */,
				9287E6392E4D62440030D15C /* Release */,
			);
			defaultConfigurationIsVisible = 0;
			defaultConfigurationName = Release;
		};
		9287E63A2E4D62440030D15C /* Build configuration list for PBXNativeTarget "3DCardSwiftUIAnimationUITests" */ = {
			isa = XCConfigurationList;
			buildConfigurations = (
				9287E63B2E4D62440030D15C /* Debug */,
				9287E63C2E4D62440030D15C /* Release */,
			);
			defaultConfigurationIsVisible = 0;
			defaultConfigurationName = Release;
		};
/* End XCConfigurationList section */
	};
	rootObject = 9287E60B2E4D62420030D15C /* Project object */;
}
